
Microsoft Visual Studio Solution File, Format Version 12.00
# Visual Studio Version 17
VisualStudioVersion = 17.7.34202.233
MinimumVisualStudioVersion = 10.0.40219.1
Project("{FAE04EC0-301F-11D3-BF4B-00C04F79EFBC}") = "NetAuditSec", "NetAuditSec\NetAuditSec.csproj", "{487AB77A-DA60-42D3-BAB2-48380438DEAC}"
EndProject
Global
	GlobalSection(SolutionConfigurationPlatforms) = preSolution
		Debug|Any CPU = Debug|Any CPU
		Release|Any CPU = Release|Any CPU
	EndGlobalSection
	GlobalSection(ProjectConfigurationPlatforms) = postSolution
		{487AB77A-DA60-42D3-BAB2-48380438DEAC}.Debug|Any CPU.ActiveCfg = Debug|Any CPU
		{487AB77A-DA60-42D3-BAB2-48380438DEAC}.Debug|Any CPU.Build.0 = Debug|Any CPU
		{487AB77A-DA60-42D3-BAB2-48380438DEAC}.Release|Any CPU.ActiveCfg = Release|Any CPU
		{487AB77A-DA60-42D3-BAB2-48380438DEAC}.Release|Any CPU.Build.0 = Release|Any CPU
	EndGlobalSection
	GlobalSection(SolutionProperties) = preSolution
		HideSolutionNode = FALSE
	EndGlobalSection
	GlobalSection(ExtensibilityGlobals) = postSolution
		SolutionGuid = {4713EC33-2B6B-480A-A29F-4467C8609BD7}
	EndGlobalSection
EndGlobal
